
Microsoft Visual Studio Solution File, Format Version 12.00
# Visual Studio Version 17
VisualStudioVersion = 17.8.34322.80
MinimumVisualStudioVersion = 10.0.40219.1
Project("{FAE04EC0-301F-11D3-BF4B-00C04F79EFBC}") = "Project.BLL", "Project.BLL\Project.BLL.csproj", "{4D73057C-2F51-418B-A272-5E2A07AE07E0}"
EndProject
Project("{FAE04EC0-301F-11D3-BF4B-00C04F79EFBC}") = "Project.COMMON", "Project.COMMON\Project.COMMON.csproj", "{ACFFE380-3970-4DAE-B9B0-255B9501F644}"
EndProject
Project("{FAE04EC0-301F-11D3-BF4B-00C04F79EFBC}") = "Project.CONF", "Project.CONF\Project.CONF.csproj", "{68F1EA13-8779-4549-BA48-22BFFE720551}"
EndProject
Project("{FAE04EC0-301F-11D3-BF4B-00C04F79EFBC}") = "Project.DAL", "Project.DAL\Project.DAL.csproj", "{A402DCD8-592A-46F7-987E-913255254B65}"
EndProject
Project("{FAE04EC0-301F-11D3-BF4B-00C04F79EFBC}") = "Project.ENTITIES", "Project.ENTITIES\Project.ENTITIES.csproj", "{88422CA6-DF18-4A34-92A1-E086888FEC58}"
EndProject
Project("{FAE04EC0-301F-11D3-BF4B-00C04F79EFBC}") = "Project.COREMVC", "Project.COREMVC\Project.COREMVC.csproj", "{296DF2A1-CF1E-48DB-AFCD-34E12FD87690}"
EndProject
Global
	GlobalSection(SolutionConfigurationPlatforms) = preSolution
		Debug|Any CPU = Debug|Any CPU
		Release|Any CPU = Release|Any CPU
	EndGlobalSection
	GlobalSection(ProjectConfigurationPlatforms) = postSolution
		{4D73057C-2F51-418B-A272-5E2A07AE07E0}.Debug|Any CPU.ActiveCfg = Debug|Any CPU
		{4D73057C-2F51-418B-A272-5E2A07AE07E0}.Debug|Any CPU.Build.0 = Debug|Any CPU
		{4D73057C-2F51-418B-A272-5E2A07AE07E0}.Release|Any CPU.ActiveCfg = Release|Any CPU
		{4D73057C-2F51-418B-A272-5E2A07AE07E0}.Release|Any CPU.Build.0 = Release|Any CPU
		{ACFFE380-3970-4DAE-B9B0-255B9501F644}.Debug|Any CPU.ActiveCfg = Debug|Any CPU
		{ACFFE380-3970-4DAE-B9B0-255B9501F644}.Debug|Any CPU.Build.0 = Debug|Any CPU
		{ACFFE380-3970-4DAE-B9B0-255B9501F644}.Release|Any CPU.ActiveCfg = Release|Any CPU
		{ACFFE380-3970-4DAE-B9B0-255B9501F644}.Release|Any CPU.Build.0 = Release|Any CPU
		{68F1EA13-8779-4549-BA48-22BFFE720551}.Debug|Any CPU.ActiveCfg = Debug|Any CPU
		{68F1EA13-8779-4549-BA48-22BFFE720551}.Debug|Any CPU.Build.0 = Debug|Any CPU
		{68F1EA13-8779-4549-BA48-22BFFE720551}.Release|Any CPU.ActiveCfg = Release|Any CPU
		{68F1EA13-8779-4549-BA48-22BFFE720551}.Release|Any CPU.Build.0 = Release|Any CPU
		{A402DCD8-592A-46F7-987E-913255254B65}.Debug|Any CPU.ActiveCfg = Debug|Any CPU
		{A402DCD8-592A-46F7-987E-913255254B65}.Debug|Any CPU.Build.0 = Debug|Any CPU
		{A402DCD8-592A-46F7-987E-913255254B65}.Release|Any CPU.ActiveCfg = Release|Any CPU
		{A402DCD8-592A-46F7-987E-913255254B65}.Release|Any CPU.Build.0 = Release|Any CPU
		{88422CA6-DF18-4A34-92A1-E086888FEC58}.Debug|Any CPU.ActiveCfg = Debug|Any CPU
		{88422CA6-DF18-4A34-92A1-E086888FEC58}.Debug|Any CPU.Build.0 = Debug|Any CPU
		{88422CA6-DF18-4A34-92A1-E086888FEC58}.Release|Any CPU.ActiveCfg = Release|Any CPU
		{88422CA6-DF18-4A34-92A1-E086888FEC58}.Release|Any CPU.Build.0 = Release|Any CPU
		{296DF2A1-CF1E-48DB-AFCD-34E12FD87690}.Debug|Any CPU.ActiveCfg = Debug|Any CPU
		{296DF2A1-CF1E-48DB-AFCD-34E12FD87690}.Debug|Any CPU.Build.0 = Debug|Any CPU
		{296DF2A1-CF1E-48DB-AFCD-34E12FD87690}.Release|Any CPU.ActiveCfg = Release|Any CPU
		{296DF2A1-CF1E-48DB-AFCD-34E12FD87690}.Release|Any CPU.Build.0 = Release|Any CPU
	EndGlobalSection
	GlobalSection(SolutionProperties) = preSolution
		HideSolutionNode = FALSE
	EndGlobalSection
	GlobalSection(ExtensibilityGlobals) = postSolution
		SolutionGuid = {F9CAD8B3-1CC4-41D4-9EF3-D799AAA2BE77}
	EndGlobalSection
EndGlobal
